// !$*UTF8*$!
{
	archiveVersion = 1;
	classes = {
	};
	objectVersion = 56;
	objects = {

/* Begin PBXBuildFile section */
		1B0000010000000000000001 /* AppDelegate.swift in Sources */ = {isa = PBXBuildFile; fileRef = 2B0000010000000000000001 /* AppDelegate.swift */; };
		1B0000020000000000000002 /* ViewController.swift in Sources */ = {isa = PBXBuildFile; fileRef = 2B0000020000000000000002 /* ViewController.swift */; };
		1B00000A000000000000000A /* SceneDelegate.swift in Sources */ = {isa = PBXBuildFile; fileRef = 2B00000C000000000000000C /* SceneDelegate.swift */; };
		1B0000030000000000000003 /* BleRoleSwitchPolicy.swift in Sources */ = {isa = PBXBuildFile; fileRef = 2B0000050000000000000005 /* BleRoleSwitchPolicy.swift */; };
		1B0000040000000000000004 /* IphoneBleWireProtocolV2.swift in Sources */ = {isa = PBXBuildFile; fileRef = 2B0000060000000000000006 /* IphoneBleWireProtocolV2.swift */; };
		1B0000050000000000000005 /* HelperPeripheralRoute.swift in Sources */ = {isa = PBXBuildFile; fileRef = 2B0000070000000000000007 /* HelperPeripheralRoute.swift */; };
		1B0000060000000000000006 /* HelperCentralRoute.swift in Sources */ = {isa = PBXBuildFile; fileRef = 2B0000080000000000000008 /* HelperCentralRoute.swift */; };
		1B0000070000000000000007 /* HelperBleRuntimeCoordinator.swift in Sources */ = {isa = PBXBuildFile; fileRef = 2B0000090000000000000009 /* HelperBleRuntimeCoordinator.swift */; };
		1B0000080000000000000008 /* HelperSwitchRuntimeCoordinator.swift in Sources */ = {isa = PBXBuildFile; fileRef = 2B00000A000000000000000A /* HelperSwitchRuntimeCoordinator.swift */; };
		1B0000090000000000000009 /* HelperTelemetrySource.swift in Sources */ = {isa = PBXBuildFile; fileRef = 2B00000B000000000000000B /* HelperTelemetrySource.swift */; };
		1B00000B000000000000000B /* HelperEnrollmentV1.swift in Sources */ = {isa = PBXBuildFile; fileRef = 2B00000D000000000000000D /* HelperEnrollmentV1.swift */; };
		1B00000C000000000000000C /* CarRemoteProtocolV1.swift in Sources */ = {isa = PBXBuildFile; fileRef = 2B00000E000000000000000E /* CarRemoteProtocolV1.swift */; };
		1B00000D000000000000000D /* CarControlUI.swift in Sources */ = {isa = PBXBuildFile; fileRef = 2B00000F000000000000000F /* CarControlUI.swift */; };
		1B00000E000000000000000E /* NatroLiveActivityShared.swift in Sources */ = {isa = PBXBuildFile; fileRef = 2B0000100000000000000010 /* NatroLiveActivityShared.swift */; };
		1B00000F000000000000000F /* NatroLiveActivityManager.swift in Sources */ = {isa = PBXBuildFile; fileRef = 2B0000110000000000000011 /* NatroLiveActivityManager.swift */; };
		1B0000100000000000000010 /* LiveActivitySettingsViewController.swift in Sources */ = {isa = PBXBuildFile; fileRef = 2B0000120000000000000012 /* LiveActivitySettingsViewController.swift */; };
		1B0000110000000000000011 /* NatroShortcuts.swift in Sources */ = {isa = PBXBuildFile; fileRef = 2B0000130000000000000013 /* NatroShortcuts.swift */; };
		1B0000120000000000000012 /* Monjaro.png in Resources */ = {isa = PBXBuildFile; fileRef = 2C0000040000000000000004 /* Monjaro.png */; };
		1B0000130000000000000013 /* ANCSConnectionJournal.swift in Sources */ = {isa = PBXBuildFile; fileRef = 2B0000150000000000000015 /* ANCSConnectionJournal.swift */; };
		1B0000140000000000000014 /* Assets.xcassets in Resources */ = {isa = PBXBuildFile; fileRef = 2B0000160000000000000016 /* Assets.xcassets */; };
		1C0000010000000000000001 /* NatroLiveActivityWidget.swift in Sources */ = {isa = PBXBuildFile; fileRef = 2C0000010000000000000001 /* NatroLiveActivityWidget.swift */; };
		1C0000020000000000000002 /* NatroLiveActivityShared.swift in Sources */ = {isa = PBXBuildFile; fileRef = 2B0000100000000000000010 /* NatroLiveActivityShared.swift */; };
		1C0000030000000000000003 /* Monjaro.png in Resources */ = {isa = PBXBuildFile; fileRef = 2C0000040000000000000004 /* Monjaro.png */; };
		1C0000040000000000000004 /* NatroLiveActivityExtension.appex in Embed App Extensions */ = {isa = PBXBuildFile; fileRef = 2C0000050000000000000005 /* NatroLiveActivityExtension.appex */; settings = {ATTRIBUTES = (RemoveHeadersOnCopy, ); }; };
/* End PBXBuildFile section */

/* Begin PBXContainerItemProxy section */
		AC0000010000000000000001 /* PBXContainerItemProxy */ = {
			isa = PBXContainerItemProxy;
			containerPortal = 5B0000020000000000000002 /* Project object */;
			proxyType = 1;
			remoteGlobalIDString = 5C0000010000000000000001;
			remoteInfo = NatroLiveActivityExtension;
		};
/* End PBXContainerItemProxy section */

/* Begin PBXCopyFilesBuildPhase section */
		7C0000020000000000000002 /* Embed App Extensions */ = {
			isa = PBXCopyFilesBuildPhase;
			buildActionMask = 2147483647;
			dstPath = "";
			dstSubfolderSpec = 13;
			files = (
				1C0000040000000000000004 /* NatroLiveActivityExtension.appex in Embed App Extensions */,
			);
			name = "Embed App Extensions";
			runOnlyForDeploymentPostprocessing = 0;
		};
/* End PBXCopyFilesBuildPhase section */

/* Begin PBXFileReference section */
		2B0000010000000000000001 /* AppDelegate.swift */ = {isa = PBXFileReference; lastKnownFileType = sourcecode.swift; path = AppDelegate.swift; sourceTree = "<group>"; };
		2B0000020000000000000002 /* ViewController.swift */ = {isa = PBXFileReference; lastKnownFileType = sourcecode.swift; path = ViewController.swift; sourceTree = "<group>"; };
		2B0000030000000000000003 /* Info.plist */ = {isa = PBXFileReference; lastKnownFileType = text.plist.xml; path = Info.plist; sourceTree = "<group>"; };
		2B0000040000000000000004 /* KX11ANCSHelper.app */ = {isa = PBXFileReference; explicitFileType = wrapper.application; includeInIndex = 0; path = KX11ANCSHelper.app; sourceTree = BUILT_PRODUCTS_DIR; };
		2B0000050000000000000005 /* BleRoleSwitchPolicy.swift */ = {isa = PBXFileReference; lastKnownFileType = sourcecode.swift; path = BleRoleSwitchPolicy.swift; sourceTree = "<group>"; };
		2B0000060000000000000006 /* IphoneBleWireProtocolV2.swift */ = {isa = PBXFileReference; lastKnownFileType = sourcecode.swift; path = IphoneBleWireProtocolV2.swift; sourceTree = "<group>"; };
		2B0000070000000000000007 /* HelperPeripheralRoute.swift */ = {isa = PBXFileReference; lastKnownFileType = sourcecode.swift; path = HelperPeripheralRoute.swift; sourceTree = "<group>"; };
		2B0000080000000000000008 /* HelperCentralRoute.swift */ = {isa = PBXFileReference; lastKnownFileType = sourcecode.swift; path = HelperCentralRoute.swift; sourceTree = "<group>"; };
		2B0000090000000000000009 /* HelperBleRuntimeCoordinator.swift */ = {isa = PBXFileReference; lastKnownFileType = sourcecode.swift; path = HelperBleRuntimeCoordinator.swift; sourceTree = "<group>"; };
		2B00000A000000000000000A /* HelperSwitchRuntimeCoordinator.swift */ = {isa = PBXFileReference; lastKnownFileType = sourcecode.swift; path = HelperSwitchRuntimeCoordinator.swift; sourceTree = "<group>"; };
		2B00000B000000000000000B /* HelperTelemetrySource.swift */ = {isa = PBXFileReference; lastKnownFileType = sourcecode.swift; path = HelperTelemetrySource.swift; sourceTree = "<group>"; };
		2B00000C000000000000000C /* SceneDelegate.swift */ = {isa = PBXFileReference; lastKnownFileType = sourcecode.swift; path = SceneDelegate.swift; sourceTree = "<group>"; };
		2B00000D000000000000000D /* HelperEnrollmentV1.swift */ = {isa = PBXFileReference; lastKnownFileType = sourcecode.swift; path = HelperEnrollmentV1.swift; sourceTree = "<group>"; };
		2B00000E000000000000000E /* CarRemoteProtocolV1.swift */ = {isa = PBXFileReference; lastKnownFileType = sourcecode.swift; path = CarRemoteProtocolV1.swift; sourceTree = "<group>"; };
		2B00000F000000000000000F /* CarControlUI.swift */ = {isa = PBXFileReference; lastKnownFileType = sourcecode.swift; path = CarControlUI.swift; sourceTree = "<group>"; };
		2B0000100000000000000010 /* NatroLiveActivityShared.swift */ = {isa = PBXFileReference; lastKnownFileType = sourcecode.swift; path = NatroLiveActivityShared.swift; sourceTree = "<group>"; };
		2B0000110000000000000011 /* NatroLiveActivityManager.swift */ = {isa = PBXFileReference; lastKnownFileType = sourcecode.swift; path = NatroLiveActivityManager.swift; sourceTree = "<group>"; };
		2B0000120000000000000012 /* LiveActivitySettingsViewController.swift */ = {isa = PBXFileReference; lastKnownFileType = sourcecode.swift; path = LiveActivitySettingsViewController.swift; sourceTree = "<group>"; };
		2B0000130000000000000013 /* NatroShortcuts.swift */ = {isa = PBXFileReference; lastKnownFileType = sourcecode.swift; path = NatroShortcuts.swift; sourceTree = "<group>"; };
		2B0000140000000000000014 /* KX11ANCSHelper.entitlements */ = {isa = PBXFileReference; lastKnownFileType = text.plist.entitlements; path = KX11ANCSHelper.entitlements; sourceTree = "<group>"; };
		2B0000150000000000000015 /* ANCSConnectionJournal.swift */ = {isa = PBXFileReference; lastKnownFileType = sourcecode.swift; path = ANCSConnectionJournal.swift; sourceTree = "<group>"; };
		2B0000160000000000000016 /* Assets.xcassets */ = {isa = PBXFileReference; lastKnownFileType = folder.assetcatalog; path = Assets.xcassets; sourceTree = "<group>"; };
		2C0000010000000000000001 /* NatroLiveActivityWidget.swift */ = {isa = PBXFileReference; lastKnownFileType = sourcecode.swift; path = NatroLiveActivityWidget.swift; sourceTree = "<group>"; };
		2C0000020000000000000002 /* Info.plist */ = {isa = PBXFileReference; lastKnownFileType = text.plist.xml; path = Info.plist; sourceTree = "<group>"; };
		2C0000030000000000000003 /* NatroLiveActivityExtension.entitlements */ = {isa = PBXFileReference; lastKnownFileType = text.plist.entitlements; path = NatroLiveActivityExtension.entitlements; sourceTree = "<group>"; };
		2C0000040000000000000004 /* Monjaro.png */ = {isa = PBXFileReference; lastKnownFileType = image.png; path = Monjaro.png; sourceTree = "<group>"; };
		2C0000050000000000000005 /* NatroLiveActivityExtension.appex */ = {isa = PBXFileReference; explicitFileType = "wrapper.app-extension"; includeInIndex = 0; path = NatroLiveActivityExtension.appex; sourceTree = BUILT_PRODUCTS_DIR; };
/* End PBXFileReference section */

/* Begin PBXFrameworksBuildPhase section */
		3B0000010000000000000001 /* Frameworks */ = {
			isa = PBXFrameworksBuildPhase;
			buildActionMask = 2147483647;
			files = (
			);
			runOnlyForDeploymentPostprocessing = 0;
		};
		3C0000010000000000000001 /* Frameworks */ = {
			isa = PBXFrameworksBuildPhase;
			buildActionMask = 2147483647;
			files = (
			);
			runOnlyForDeploymentPostprocessing = 0;
		};
/* End PBXFrameworksBuildPhase section */

/* Begin PBXGroup section */
		4B0000010000000000000001 = {
			isa = PBXGroup;
			children = (
				4B0000020000000000000002 /* KX11ANCSHelper */,
				4C0000010000000000000001 /* NatroLiveActivityExtension */,
				4B0000040000000000000004 /* TransportCore */,
				4B0000030000000000000003 /* Products */,
			);
			sourceTree = "<group>";
		};
		4B0000020000000000000002 /* KX11ANCSHelper */ = {
			isa = PBXGroup;
			children = (
				2B0000010000000000000001 /* AppDelegate.swift */,
				2B00000C000000000000000C /* SceneDelegate.swift */,
				2B0000020000000000000002 /* ViewController.swift */,
				2B00000F000000000000000F /* CarControlUI.swift */,
				2B0000110000000000000011 /* NatroLiveActivityManager.swift */,
				2B0000120000000000000012 /* LiveActivitySettingsViewController.swift */,
				2B0000130000000000000013 /* NatroShortcuts.swift */,
				2B0000150000000000000015 /* ANCSConnectionJournal.swift */,
				2B0000160000000000000016 /* Assets.xcassets */,
				2B0000140000000000000014 /* KX11ANCSHelper.entitlements */,
				2B0000030000000000000003 /* Info.plist */,
			);
			path = KX11ANCSHelper;
			sourceTree = "<group>";
		};
		4B0000030000000000000003 /* Products */ = {
			isa = PBXGroup;
			children = (
				2B0000040000000000000004 /* KX11ANCSHelper.app */,
				2C0000050000000000000005 /* NatroLiveActivityExtension.appex */,
			);
			name = Products;
			sourceTree = "<group>";
		};
		4B0000040000000000000004 /* TransportCore */ = {
			isa = PBXGroup;
			children = (
				2B0000050000000000000005 /* BleRoleSwitchPolicy.swift */,
				2B0000060000000000000006 /* IphoneBleWireProtocolV2.swift */,
				2B00000D000000000000000D /* HelperEnrollmentV1.swift */,
				2B00000E000000000000000E /* CarRemoteProtocolV1.swift */,
				2B0000100000000000000010 /* NatroLiveActivityShared.swift */,
				2B0000070000000000000007 /* HelperPeripheralRoute.swift */,
				2B0000080000000000000008 /* HelperCentralRoute.swift */,
				2B0000090000000000000009 /* HelperBleRuntimeCoordinator.swift */,
				2B00000A000000000000000A /* HelperSwitchRuntimeCoordinator.swift */,
				2B00000B000000000000000B /* HelperTelemetrySource.swift */,
			);
			name = TransportCore;
			sourceTree = "<group>";
		};
		4C0000010000000000000001 /* NatroLiveActivityExtension */ = {
			isa = PBXGroup;
			children = (
				2C0000010000000000000001 /* NatroLiveActivityWidget.swift */,
				2C0000040000000000000004 /* Monjaro.png */,
				2C0000020000000000000002 /* Info.plist */,
				2C0000030000000000000003 /* NatroLiveActivityExtension.entitlements */,
			);
			path = NatroLiveActivityExtension;
			sourceTree = "<group>";
		};
/* End PBXGroup section */

/* Begin PBXNativeTarget section */
		5B0000010000000000000001 /* KX11ANCSHelper */ = {
			isa = PBXNativeTarget;
			buildConfigurationList = 8B0000020000000000000002 /* Build configuration list for PBXNativeTarget "KX11ANCSHelper" */;
			buildPhases = (
				6B0000010000000000000001 /* Sources */,
				3B0000010000000000000001 /* Frameworks */,
				7B0000010000000000000001 /* Resources */,
				7C0000020000000000000002 /* Embed App Extensions */,
			);
			buildRules = (
			);
			dependencies = (
				AD0000010000000000000001 /* PBXTargetDependency */,
			);
			name = KX11ANCSHelper;
			productName = KX11ANCSHelper;
			productReference = 2B0000040000000000000004 /* KX11ANCSHelper.app */;
			productType = "com.apple.product-type.application";
		};
		5C0000010000000000000001 /* NatroLiveActivityExtension */ = {
			isa = PBXNativeTarget;
			buildConfigurationList = 8C0000010000000000000001 /* Build configuration list for PBXNativeTarget "NatroLiveActivityExtension" */;
			buildPhases = (
				6C0000010000000000000001 /* Sources */,
				3C0000010000000000000001 /* Frameworks */,
				7C0000010000000000000001 /* Resources */,
			);
			buildRules = (
			);
			dependencies = (
			);
			name = NatroLiveActivityExtension;
			productName = NatroLiveActivityExtension;
			productReference = 2C0000050000000000000005 /* NatroLiveActivityExtension.appex */;
			productType = "com.apple.product-type.app-extension";
		};
/* End PBXNativeTarget section */

/* Begin PBXProject section */
		5B0000020000000000000002 /* Project object */ = {
			isa = PBXProject;
			attributes = {
				BuildIndependentTargetsInParallel = 1;
				LastSwiftUpdateCheck = 1600;
				LastUpgradeCheck = 1600;
				TargetAttributes = {
					5B0000010000000000000001 = {
						CreatedOnToolsVersion = 16.0;
						SystemCapabilities = {
							com.apple.ApplicationGroups.iOS = { enabled = 1; };
						};
					};
					5C0000010000000000000001 = {
						CreatedOnToolsVersion = 16.0;
						SystemCapabilities = {
							com.apple.ApplicationGroups.iOS = { enabled = 1; };
						};
					};
				};
			};
			buildConfigurationList = 8B0000010000000000000001 /* Build configuration list for PBXProject "KX11ANCSHelper" */;
			compatibilityVersion = "Xcode 14.0";
			developmentRegion = en;
			hasScannedForEncodings = 0;
			knownRegions = (
				en,
				Base,
			);
			mainGroup = 4B0000010000000000000001;
			productRefGroup = 4B0000030000000000000003 /* Products */;
			projectDirPath = "";
			projectRoot = "";
			targets = (
				5B0000010000000000000001 /* KX11ANCSHelper */,
				5C0000010000000000000001 /* NatroLiveActivityExtension */,
			);
		};
/* End PBXProject section */

/* Begin PBXResourcesBuildPhase section */
		7B0000010000000000000001 /* Resources */ = {
			isa = PBXResourcesBuildPhase;
			buildActionMask = 2147483647;
			files = (
				1B0000120000000000000012 /* Monjaro.png in Resources */,
				1B0000140000000000000014 /* Assets.xcassets in Resources */,
			);
			runOnlyForDeploymentPostprocessing = 0;
		};
		7C0000010000000000000001 /* Resources */ = {
			isa = PBXResourcesBuildPhase;
			buildActionMask = 2147483647;
			files = (
				1C0000030000000000000003 /* Monjaro.png in Resources */,
			);
			runOnlyForDeploymentPostprocessing = 0;
		};
/* End PBXResourcesBuildPhase section */

/* Begin PBXSourcesBuildPhase section */
		6B0000010000000000000001 /* Sources */ = {
			isa = PBXSourcesBuildPhase;
			buildActionMask = 2147483647;
			files = (
				1B0000010000000000000001 /* AppDelegate.swift in Sources */,
				1B00000A000000000000000A /* SceneDelegate.swift in Sources */,
				1B0000020000000000000002 /* ViewController.swift in Sources */,
				1B00000D000000000000000D /* CarControlUI.swift in Sources */,
				1B00000F000000000000000F /* NatroLiveActivityManager.swift in Sources */,
				1B0000100000000000000010 /* LiveActivitySettingsViewController.swift in Sources */,
				1B0000110000000000000011 /* NatroShortcuts.swift in Sources */,
				1B0000130000000000000013 /* ANCSConnectionJournal.swift in Sources */,
				1B0000030000000000000003 /* BleRoleSwitchPolicy.swift in Sources */,
				1B0000040000000000000004 /* IphoneBleWireProtocolV2.swift in Sources */,
				1B00000B000000000000000B /* HelperEnrollmentV1.swift in Sources */,
				1B00000C000000000000000C /* CarRemoteProtocolV1.swift in Sources */,
				1B00000E000000000000000E /* NatroLiveActivityShared.swift in Sources */,
				1B0000050000000000000005 /* HelperPeripheralRoute.swift in Sources */,
				1B0000060000000000000006 /* HelperCentralRoute.swift in Sources */,
				1B0000070000000000000007 /* HelperBleRuntimeCoordinator.swift in Sources */,
				1B0000080000000000000008 /* HelperSwitchRuntimeCoordinator.swift in Sources */,
				1B0000090000000000000009 /* HelperTelemetrySource.swift in Sources */,
			);
			runOnlyForDeploymentPostprocessing = 0;
		};
		6C0000010000000000000001 /* Sources */ = {
			isa = PBXSourcesBuildPhase;
			buildActionMask = 2147483647;
			files = (
				1C0000010000000000000001 /* NatroLiveActivityWidget.swift in Sources */,
				1C0000020000000000000002 /* NatroLiveActivityShared.swift in Sources */,
			);
			runOnlyForDeploymentPostprocessing = 0;
		};
/* End PBXSourcesBuildPhase section */

/* Begin PBXTargetDependency section */
		AD0000010000000000000001 /* PBXTargetDependency */ = {
			isa = PBXTargetDependency;
			target = 5C0000010000000000000001 /* NatroLiveActivityExtension */;
			targetProxy = AC0000010000000000000001 /* PBXContainerItemProxy */;
		};
/* End PBXTargetDependency section */

/* Begin XCBuildConfiguration section */
		9B0000010000000000000001 /* Debug */ = {
			isa = XCBuildConfiguration;
			buildSettings = {
				ALWAYS_SEARCH_USER_PATHS = NO;
				CLANG_ENABLE_MODULES = YES;
				CLANG_ENABLE_OBJC_ARC = YES;
				COPY_PHASE_STRIP = NO;
				DEBUG_INFORMATION_FORMAT = dwarf;
				ENABLE_TESTABILITY = YES;
				GCC_C_LANGUAGE_STANDARD = gnu17;
				GCC_OPTIMIZATION_LEVEL = 0;
				IPHONEOS_DEPLOYMENT_TARGET = 14.0;
				MTL_ENABLE_DEBUG_INFO = INCLUDE_SOURCE;
				ONLY_ACTIVE_ARCH = YES;
				SDKROOT = iphoneos;
				SWIFT_ACTIVE_COMPILATION_CONDITIONS = DEBUG;
				SWIFT_OPTIMIZATION_LEVEL = "-Onone";
			};
			name = Debug;
		};
		9B0000020000000000000002 /* Release */ = {
			isa = XCBuildConfiguration;
			buildSettings = {
				ALWAYS_SEARCH_USER_PATHS = NO;
				CLANG_ENABLE_MODULES = YES;
				CLANG_ENABLE_OBJC_ARC = YES;
				COPY_PHASE_STRIP = NO;
				DEBUG_INFORMATION_FORMAT = "dwarf-with-dsym";
				GCC_C_LANGUAGE_STANDARD = gnu17;
				IPHONEOS_DEPLOYMENT_TARGET = 14.0;
				MTL_ENABLE_DEBUG_INFO = NO;
				SDKROOT = iphoneos;
				SWIFT_COMPILATION_MODE = wholemodule;
				SWIFT_OPTIMIZATION_LEVEL = "-O";
				VALIDATE_PRODUCT = YES;
			};
			name = Release;
		};
		9B0000030000000000000003 /* Debug */ = {
			isa = XCBuildConfiguration;
			buildSettings = {
				ASSETCATALOG_COMPILER_APPICON_NAME = AppIcon;
				CODE_SIGN_STYLE = Automatic;
				CODE_SIGN_ENTITLEMENTS = KX11ANCSHelper/KX11ANCSHelper.entitlements;
				CURRENT_PROJECT_VERSION = 70;
				GENERATE_INFOPLIST_FILE = NO;
				INFOPLIST_FILE = KX11ANCSHelper/Info.plist;
				IPHONEOS_DEPLOYMENT_TARGET = 14.0;
				MARKETING_VERSION = 70.0;
				PRODUCT_BUNDLE_IDENTIFIER = ru.natro.kx11ancshelper;
				PRODUCT_NAME = "$(TARGET_NAME)";
				SWIFT_EMIT_LOC_STRINGS = YES;
				SWIFT_VERSION = 5.0;
				TARGETED_DEVICE_FAMILY = 1;
			};
			name = Debug;
		};
		9B0000040000000000000004 /* Release */ = {
			isa = XCBuildConfiguration;
			buildSettings = {
				ASSETCATALOG_COMPILER_APPICON_NAME = AppIcon;
				CODE_SIGN_STYLE = Automatic;
				CODE_SIGN_ENTITLEMENTS = KX11ANCSHelper/KX11ANCSHelper.entitlements;
				CURRENT_PROJECT_VERSION = 70;
				GENERATE_INFOPLIST_FILE = NO;
				INFOPLIST_FILE = KX11ANCSHelper/Info.plist;
				IPHONEOS_DEPLOYMENT_TARGET = 14.0;
				MARKETING_VERSION = 70.0;
				PRODUCT_BUNDLE_IDENTIFIER = ru.natro.kx11ancshelper;
				PRODUCT_NAME = "$(TARGET_NAME)";
				SWIFT_EMIT_LOC_STRINGS = YES;
				SWIFT_VERSION = 5.0;
				TARGETED_DEVICE_FAMILY = 1;
			};
			name = Release;
		};
		9C0000010000000000000001 /* Debug */ = {
			isa = XCBuildConfiguration;
			buildSettings = {
				APPLICATION_EXTENSION_API_ONLY = YES;
				CODE_SIGN_ENTITLEMENTS = NatroLiveActivityExtension/NatroLiveActivityExtension.entitlements;
				CODE_SIGN_STYLE = Automatic;
				CURRENT_PROJECT_VERSION = 70;
				GENERATE_INFOPLIST_FILE = NO;
				INFOPLIST_FILE = NatroLiveActivityExtension/Info.plist;
				IPHONEOS_DEPLOYMENT_TARGET = 16.2;
				MARKETING_VERSION = 70.0;
				PRODUCT_BUNDLE_IDENTIFIER = ru.natro.kx11ancshelper.liveactivity;
				PRODUCT_NAME = "$(TARGET_NAME)";
				SKIP_INSTALL = YES;
				SWIFT_EMIT_LOC_STRINGS = YES;
				SWIFT_VERSION = 5.0;
				TARGETED_DEVICE_FAMILY = 1;
			};
			name = Debug;
		};
		9C0000020000000000000002 /* Release */ = {
			isa = XCBuildConfiguration;
			buildSettings = {
				APPLICATION_EXTENSION_API_ONLY = YES;
				CODE_SIGN_ENTITLEMENTS = NatroLiveActivityExtension/NatroLiveActivityExtension.entitlements;
				CODE_SIGN_STYLE = Automatic;
				CURRENT_PROJECT_VERSION = 70;
				GENERATE_INFOPLIST_FILE = NO;
				INFOPLIST_FILE = NatroLiveActivityExtension/Info.plist;
				IPHONEOS_DEPLOYMENT_TARGET = 16.2;
				MARKETING_VERSION = 70.0;
				PRODUCT_BUNDLE_IDENTIFIER = ru.natro.kx11ancshelper.liveactivity;
				PRODUCT_NAME = "$(TARGET_NAME)";
				SKIP_INSTALL = YES;
				SWIFT_EMIT_LOC_STRINGS = YES;
				SWIFT_VERSION = 5.0;
				TARGETED_DEVICE_FAMILY = 1;
			};
			name = Release;
		};
/* End XCBuildConfiguration section */

/* Begin XCConfigurationList section */
		8B0000010000000000000001 /* Build configuration list for PBXProject "KX11ANCSHelper" */ = {
			isa = XCConfigurationList;
			buildConfigurations = (
				9B0000010000000000000001 /* Debug */,
				9B0000020000000000000002 /* Release */,
			);
			defaultConfigurationIsVisible = 0;
			defaultConfigurationName = Release;
		};
		8B0000020000000000000002 /* Build configuration list for PBXNativeTarget "KX11ANCSHelper" */ = {
			isa = XCConfigurationList;
			buildConfigurations = (
				9B0000030000000000000003 /* Debug */,
				9B0000040000000000000004 /* Release */,
			);
			defaultConfigurationIsVisible = 0;
			defaultConfigurationName = Release;
		};
		8C0000010000000000000001 /* Build configuration list for PBXNativeTarget "NatroLiveActivityExtension" */ = {
			isa = XCConfigurationList;
			buildConfigurations = (
				9C0000010000000000000001 /* Debug */,
				9C0000020000000000000002 /* Release */,
			);
			defaultConfigurationIsVisible = 0;
			defaultConfigurationName = Release;
		};
/* End XCConfigurationList section */
	};
	rootObject = 5B0000020000000000000002 /* Project object */;
}
